
Microsoft Visual Studio Solution File, Format Version 12.00
# Visual Studio 14
VisualStudioVersion = 14.0.25420.1
MinimumVisualStudioVersion = 10.0.40219.1
Project("{FAE04EC0-301F-11D3-BF4B-00C04F79EFBC}") = "netCvReco", "netCvReco\netCvReco.csproj", "{EB0E5DC2-D4C0-456A-B8C8-B6016C82870D}"
EndProject
Project("{FAE04EC0-301F-11D3-BF4B-00C04F79EFBC}") = "netCvLib", "netCvLib\netCvLib.csproj", "{1BD5985E-8FBB-4915-A643-8F9313689480}"
EndProject
Project("{FAE04EC0-301F-11D3-BF4B-00C04F79EFBC}") = "WpfCvReco", "WpfCvReco\WpfCvReco.csproj", "{9B0D91C1-0F49-4E77-AFB5-9BF45E53129C}"
EndProject
Project("{FAE04EC0-301F-11D3-BF4B-00C04F79EFBC}") = "WpfRoadApp", "WpfRoadApp\WpfRoadApp.csproj", "{B1EF218B-5759-4F26-BD1F-82DB68DFD7A8}"
EndProject
Project("{FAE04EC0-301F-11D3-BF4B-00C04F79EFBC}") = "DisplayLib", "DisplayLib\DisplayLib.csproj", "{62F06848-D0B0-43B1-94A8-F8829E76D2AF}"
EndProject
Project("{FAE04EC0-301F-11D3-BF4B-00C04F79EFBC}") = "netCvLibTest", "netCvLibTest\netCvLibTest.csproj", "{AB625803-5618-4121-9595-FB57DB67D944}"
EndProject
Project("{FAE04EC0-301F-11D3-BF4B-00C04F79EFBC}") = "X4Lidar", "X4Lidar\X4Lidar.csproj", "{368AD5B6-55F8-4C80-9D14-CCCE88C4C83A}"
EndProject
Project("{2150E333-8FDC-42A3-9474-1A3956D46DE8}") = "tests", "tests", "{A5EA897C-8CB7-44AB-8DC6-CCDAC0021D3D}"
EndProject
Project("{FAE04EC0-301F-11D3-BF4B-00C04F79EFBC}") = "lidarTest", "tests\lidarTest\lidarTest.csproj", "{8B7E11C8-2768-4818-952A-14B7ADE29EC2}"
EndProject
Project("{FAE04EC0-301F-11D3-BF4B-00C04F79EFBC}") = "com.veda.Win32Serial", "com.veda.Win32Serial\com.veda.Win32Serial.csproj", "{474455B2-CA77-4713-A68E-25979EAD4814}"
EndProject
Project("{FAE04EC0-301F-11D3-BF4B-00C04F79EFBC}") = "AdurinoTest", "tests\AdurinoTest\AdurinoTest.csproj", "{2A6CDB5E-FF34-4B8E-87A3-4CB65BB0A262}"
EndProject
Project("{FAE04EC0-301F-11D3-BF4B-00C04F79EFBC}") = "CrashTest", "tests\CrashTest\CrashTest.csproj", "{1A53FBC6-4D7E-446B-857B-D7652F9B3514}"
EndProject
Project("{FAE04EC0-301F-11D3-BF4B-00C04F79EFBC}") = "WinFormRoadApp", "WinFormRoadApp\WinFormRoadApp.csproj", "{88BC2AB1-2E98-4FA2-9663-2C8841389B46}"
EndProject
Project("{FAE04EC0-301F-11D3-BF4B-00C04F79EFBC}") = "StImgTest", "tests\StImgTest\StImgTest.csproj", "{E9BFFD83-0ADD-435E-87C7-84C4C5BF4092}"
EndProject
Global
	GlobalSection(SolutionConfigurationPlatforms) = preSolution
		Debug|Any CPU = Debug|Any CPU
		Debug|x64 = Debug|x64
		Release|Any CPU = Release|Any CPU
		Release|x64 = Release|x64
	EndGlobalSection
	GlobalSection(ProjectConfigurationPlatforms) = postSolution
		{EB0E5DC2-D4C0-456A-B8C8-B6016C82870D}.Debug|Any CPU.ActiveCfg = Debug|Any CPU
		{EB0E5DC2-D4C0-456A-B8C8-B6016C82870D}.Debug|Any CPU.Build.0 = Debug|Any CPU
		{EB0E5DC2-D4C0-456A-B8C8-B6016C82870D}.Debug|x64.ActiveCfg = Debug|x64
		{EB0E5DC2-D4C0-456A-B8C8-B6016C82870D}.Debug|x64.Build.0 = Debug|x64
		{EB0E5DC2-D4C0-456A-B8C8-B6016C82870D}.Release|Any CPU.ActiveCfg = Release|Any CPU
		{EB0E5DC2-D4C0-456A-B8C8-B6016C82870D}.Release|Any CPU.Build.0 = Release|Any CPU
		{EB0E5DC2-D4C0-456A-B8C8-B6016C82870D}.Release|x64.ActiveCfg = Release|x64
		{EB0E5DC2-D4C0-456A-B8C8-B6016C82870D}.Release|x64.Build.0 = Release|x64
		{1BD5985E-8FBB-4915-A643-8F9313689480}.Debug|Any CPU.ActiveCfg = Debug|Any CPU
		{1BD5985E-8FBB-4915-A643-8F9313689480}.Debug|Any CPU.Build.0 = Debug|Any CPU
		{1BD5985E-8FBB-4915-A643-8F9313689480}.Debug|x64.ActiveCfg = Debug|x64
		{1BD5985E-8FBB-4915-A643-8F9313689480}.Debug|x64.Build.0 = Debug|x64
		{1BD5985E-8FBB-4915-A643-8F9313689480}.Release|Any CPU.ActiveCfg = Release|Any CPU
		{1BD5985E-8FBB-4915-A643-8F9313689480}.Release|Any CPU.Build.0 = Release|Any CPU
		{1BD5985E-8FBB-4915-A643-8F9313689480}.Release|x64.ActiveCfg = Release|x64
		{1BD5985E-8FBB-4915-A643-8F9313689480}.Release|x64.Build.0 = Release|x64
		{9B0D91C1-0F49-4E77-AFB5-9BF45E53129C}.Debug|Any CPU.ActiveCfg = Debug|Any CPU
		{9B0D91C1-0F49-4E77-AFB5-9BF45E53129C}.Debug|Any CPU.Build.0 = Debug|Any CPU
		{9B0D91C1-0F49-4E77-AFB5-9BF45E53129C}.Debug|x64.ActiveCfg = Debug|x64
		{9B0D91C1-0F49-4E77-AFB5-9BF45E53129C}.Debug|x64.Build.0 = Debug|x64
		{9B0D91C1-0F49-4E77-AFB5-9BF45E53129C}.Release|Any CPU.ActiveCfg = Release|Any CPU
		{9B0D91C1-0F49-4E77-AFB5-9BF45E53129C}.Release|Any CPU.Build.0 = Release|Any CPU
		{9B0D91C1-0F49-4E77-AFB5-9BF45E53129C}.Release|x64.ActiveCfg = Release|x64
		{9B0D91C1-0F49-4E77-AFB5-9BF45E53129C}.Release|x64.Build.0 = Release|x64
		{B1EF218B-5759-4F26-BD1F-82DB68DFD7A8}.Debug|Any CPU.ActiveCfg = Debug|Any CPU
		{B1EF218B-5759-4F26-BD1F-82DB68DFD7A8}.Debug|Any CPU.Build.0 = Debug|Any CPU
		{B1EF218B-5759-4F26-BD1F-82DB68DFD7A8}.Debug|x64.ActiveCfg = Debug|x64
		{B1EF218B-5759-4F26-BD1F-82DB68DFD7A8}.Debug|x64.Build.0 = Debug|x64
		{B1EF218B-5759-4F26-BD1F-82DB68DFD7A8}.Release|Any CPU.ActiveCfg = Release|Any CPU
		{B1EF218B-5759-4F26-BD1F-82DB68DFD7A8}.Release|Any CPU.Build.0 = Release|Any CPU
		{B1EF218B-5759-4F26-BD1F-82DB68DFD7A8}.Release|x64.ActiveCfg = Release|x64
		{B1EF218B-5759-4F26-BD1F-82DB68DFD7A8}.Release|x64.Build.0 = Release|x64
		{62F06848-D0B0-43B1-94A8-F8829E76D2AF}.Debug|Any CPU.ActiveCfg = Debug|Any CPU
		{62F06848-D0B0-43B1-94A8-F8829E76D2AF}.Debug|Any CPU.Build.0 = Debug|Any CPU
		{62F06848-D0B0-43B1-94A8-F8829E76D2AF}.Debug|x64.ActiveCfg = Debug|x64
		{62F06848-D0B0-43B1-94A8-F8829E76D2AF}.Debug|x64.Build.0 = Debug|x64
		{62F06848-D0B0-43B1-94A8-F8829E76D2AF}.Release|Any CPU.ActiveCfg = Release|Any CPU
		{62F06848-D0B0-43B1-94A8-F8829E76D2AF}.Release|Any CPU.Build.0 = Release|Any CPU
		{62F06848-D0B0-43B1-94A8-F8829E76D2AF}.Release|x64.ActiveCfg = Release|x64
		{62F06848-D0B0-43B1-94A8-F8829E76D2AF}.Release|x64.Build.0 = Release|x64
		{AB625803-5618-4121-9595-FB57DB67D944}.Debug|Any CPU.ActiveCfg = Debug|Any CPU
		{AB625803-5618-4121-9595-FB57DB67D944}.Debug|Any CPU.Build.0 = Debug|Any CPU
		{AB625803-5618-4121-9595-FB57DB67D944}.Debug|x64.ActiveCfg = Debug|x64
		{AB625803-5618-4121-9595-FB57DB67D944}.Debug|x64.Build.0 = Debug|x64
		{AB625803-5618-4121-9595-FB57DB67D944}.Release|Any CPU.ActiveCfg = Release|Any CPU
		{AB625803-5618-4121-9595-FB57DB67D944}.Release|Any CPU.Build.0 = Release|Any CPU
		{AB625803-5618-4121-9595-FB57DB67D944}.Release|x64.ActiveCfg = Release|Any CPU
		{AB625803-5618-4121-9595-FB57DB67D944}.Release|x64.Build.0 = Release|Any CPU
		{368AD5B6-55F8-4C80-9D14-CCCE88C4C83A}.Debug|Any CPU.ActiveCfg = Debug|Any CPU
		{368AD5B6-55F8-4C80-9D14-CCCE88C4C83A}.Debug|Any CPU.Build.0 = Debug|Any CPU
		{368AD5B6-55F8-4C80-9D14-CCCE88C4C83A}.Debug|x64.ActiveCfg = Debug|x64
		{368AD5B6-55F8-4C80-9D14-CCCE88C4C83A}.Debug|x64.Build.0 = Debug|x64
		{368AD5B6-55F8-4C80-9D14-CCCE88C4C83A}.Release|Any CPU.ActiveCfg = Release|Any CPU
		{368AD5B6-55F8-4C80-9D14-CCCE88C4C83A}.Release|Any CPU.Build.0 = Release|Any CPU
		{368AD5B6-55F8-4C80-9D14-CCCE88C4C83A}.Release|x64.ActiveCfg = Release|Any CPU
		{368AD5B6-55F8-4C80-9D14-CCCE88C4C83A}.Release|x64.Build.0 = Release|Any CPU
		{8B7E11C8-2768-4818-952A-14B7ADE29EC2}.Debug|Any CPU.ActiveCfg = Debug|Any CPU
		{8B7E11C8-2768-4818-952A-14B7ADE29EC2}.Debug|Any CPU.Build.0 = Debug|Any CPU
		{8B7E11C8-2768-4818-952A-14B7ADE29EC2}.Debug|x64.ActiveCfg = Debug|x64
		{8B7E11C8-2768-4818-952A-14B7ADE29EC2}.Debug|x64.Build.0 = Debug|x64
		{8B7E11C8-2768-4818-952A-14B7ADE29EC2}.Release|Any CPU.ActiveCfg = Release|Any CPU
		{8B7E11C8-2768-4818-952A-14B7ADE29EC2}.Release|Any CPU.Build.0 = Release|Any CPU
		{8B7E11C8-2768-4818-952A-14B7ADE29EC2}.Release|x64.ActiveCfg = Release|Any CPU
		{8B7E11C8-2768-4818-952A-14B7ADE29EC2}.Release|x64.Build.0 = Release|Any CPU
		{474455B2-CA77-4713-A68E-25979EAD4814}.Debug|Any CPU.ActiveCfg = Debug|Any CPU
		{474455B2-CA77-4713-A68E-25979EAD4814}.Debug|Any CPU.Build.0 = Debug|Any CPU
		{474455B2-CA77-4713-A68E-25979EAD4814}.Debug|x64.ActiveCfg = Debug|x64
		{474455B2-CA77-4713-A68E-25979EAD4814}.Debug|x64.Build.0 = Debug|x64
		{474455B2-CA77-4713-A68E-25979EAD4814}.Release|Any CPU.ActiveCfg = Release|Any CPU
		{474455B2-CA77-4713-A68E-25979EAD4814}.Release|Any CPU.Build.0 = Release|Any CPU
		{474455B2-CA77-4713-A68E-25979EAD4814}.Release|x64.ActiveCfg = Release|Any CPU
		{474455B2-CA77-4713-A68E-25979EAD4814}.Release|x64.Build.0 = Release|Any CPU
		{2A6CDB5E-FF34-4B8E-87A3-4CB65BB0A262}.Debug|Any CPU.ActiveCfg = Debug|Any CPU
		{2A6CDB5E-FF34-4B8E-87A3-4CB65BB0A262}.Debug|Any CPU.Build.0 = Debug|Any CPU
		{2A6CDB5E-FF34-4B8E-87A3-4CB65BB0A262}.Debug|x64.ActiveCfg = Debug|x64
		{2A6CDB5E-FF34-4B8E-87A3-4CB65BB0A262}.Debug|x64.Build.0 = Debug|x64
		{2A6CDB5E-FF34-4B8E-87A3-4CB65BB0A262}.Release|Any CPU.ActiveCfg = Release|Any CPU
		{2A6CDB5E-FF34-4B8E-87A3-4CB65BB0A262}.Release|Any CPU.Build.0 = Release|Any CPU
		{2A6CDB5E-FF34-4B8E-87A3-4CB65BB0A262}.Release|x64.ActiveCfg = Release|Any CPU
		{2A6CDB5E-FF34-4B8E-87A3-4CB65BB0A262}.Release|x64.Build.0 = Release|Any CPU
		{1A53FBC6-4D7E-446B-857B-D7652F9B3514}.Debug|Any CPU.ActiveCfg = Debug|Any CPU
		{1A53FBC6-4D7E-446B-857B-D7652F9B3514}.Debug|Any CPU.Build.0 = Debug|Any CPU
		{1A53FBC6-4D7E-446B-857B-D7652F9B3514}.Debug|x64.ActiveCfg = Debug|x64
		{1A53FBC6-4D7E-446B-857B-D7652F9B3514}.Debug|x64.Build.0 = Debug|x64
		{1A53FBC6-4D7E-446B-857B-D7652F9B3514}.Release|Any CPU.ActiveCfg = Release|Any CPU
		{1A53FBC6-4D7E-446B-857B-D7652F9B3514}.Release|Any CPU.Build.0 = Release|Any CPU
		{1A53FBC6-4D7E-446B-857B-D7652F9B3514}.Release|x64.ActiveCfg = Release|Any CPU
		{1A53FBC6-4D7E-446B-857B-D7652F9B3514}.Release|x64.Build.0 = Release|Any CPU
		{88BC2AB1-2E98-4FA2-9663-2C8841389B46}.Debug|Any CPU.ActiveCfg = Debug|Any CPU
		{88BC2AB1-2E98-4FA2-9663-2C8841389B46}.Debug|Any CPU.Build.0 = Debug|Any CPU
		{88BC2AB1-2E98-4FA2-9663-2C8841389B46}.Debug|x64.ActiveCfg = Debug|x64
		{88BC2AB1-2E98-4FA2-9663-2C8841389B46}.Debug|x64.Build.0 = Debug|x64
		{88BC2AB1-2E98-4FA2-9663-2C8841389B46}.Release|Any CPU.ActiveCfg = Release|Any CPU
		{88BC2AB1-2E98-4FA2-9663-2C8841389B46}.Release|Any CPU.Build.0 = Release|Any CPU
		{88BC2AB1-2E98-4FA2-9663-2C8841389B46}.Release|x64.ActiveCfg = Release|Any CPU
		{88BC2AB1-2E98-4FA2-9663-2C8841389B46}.Release|x64.Build.0 = Release|Any CPU
		{E9BFFD83-0ADD-435E-87C7-84C4C5BF4092}.Debug|Any CPU.ActiveCfg = Debug|Any CPU
		{E9BFFD83-0ADD-435E-87C7-84C4C5BF4092}.Debug|Any CPU.Build.0 = Debug|Any CPU
		{E9BFFD83-0ADD-435E-87C7-84C4C5BF4092}.Debug|x64.ActiveCfg = Debug|Any CPU
		{E9BFFD83-0ADD-435E-87C7-84C4C5BF4092}.Debug|x64.Build.0 = Debug|Any CPU
		{E9BFFD83-0ADD-435E-87C7-84C4C5BF4092}.Release|Any CPU.ActiveCfg = Release|Any CPU
		{E9BFFD83-0ADD-435E-87C7-84C4C5BF4092}.Release|Any CPU.Build.0 = Release|Any CPU
		{E9BFFD83-0ADD-435E-87C7-84C4C5BF4092}.Release|x64.ActiveCfg = Release|Any CPU
		{E9BFFD83-0ADD-435E-87C7-84C4C5BF4092}.Release|x64.Build.0 = Release|Any CPU
	EndGlobalSection
	GlobalSection(SolutionProperties) = preSolution
		HideSolutionNode = FALSE
	EndGlobalSection
	GlobalSection(NestedProjects) = preSolution
		{8B7E11C8-2768-4818-952A-14B7ADE29EC2} = {A5EA897C-8CB7-44AB-8DC6-CCDAC0021D3D}
		{2A6CDB5E-FF34-4B8E-87A3-4CB65BB0A262} = {A5EA897C-8CB7-44AB-8DC6-CCDAC0021D3D}
		{1A53FBC6-4D7E-446B-857B-D7652F9B3514} = {A5EA897C-8CB7-44AB-8DC6-CCDAC0021D3D}
		{E9BFFD83-0ADD-435E-87C7-84C4C5BF4092} = {A5EA897C-8CB7-44AB-8DC6-CCDAC0021D3D}
	EndGlobalSection
EndGlobal
